
Microsoft Visual Studio Solution File, Format Version 12.00
# Visual Studio Version 16
VisualStudioVersion = 16.0.30709.64
MinimumVisualStudioVersion = 10.0.40219.1
Project("{9A19103F-16F7-4668-BE54-9A1E7A4F7556}") = "LCARS", "LCARS\LCARS.csproj", "{DD42E083-3070-4BB6-9C20-385730C52D1E}"
EndProject
Project("{9A19103F-16F7-4668-BE54-9A1E7A4F7556}") = "LCARS.Database", "LCARS.Database\LCARS.Database.csproj", "{34CBD043-63B8-49B7-99A2-E9FCC0FD7981}"
EndProject
Project("{888888A0-9F3D-457C-B088-3A5042F75D52}") = "LCARS.Subroutine.DanielsDatabase", "LCARS.Subroutine.DanielsDatabase\LCARS.Subroutine.DanielsDatabase.pyproj", "{DFCC2641-B90E-42E6-86F6-701A44A45C70}"
EndProject
Project("{9A19103F-16F7-4668-BE54-9A1E7A4F7556}") = "LCARS.Interface.Padd", "LCARS.Interface.Padd.NETCORE5\LCARS.Interface.Padd.csproj", "{3DF9C3DE-F0EE-46D8-AED2-B3F3CC99B7D7}"
EndProject
Project("{FAE04EC0-301F-11D3-BF4B-00C04F79EFBC}") = "LCARS.MasterSystemsDisplay", "LCARS.MasterSystemsDisplay\LCARS.MasterSystemsDisplay.csproj", "{C143451C-5454-447D-874D-F266981028F0}"
EndProject
Global
	GlobalSection(SolutionConfigurationPlatforms) = preSolution
		Debug|Any CPU = Debug|Any CPU
		Release|Any CPU = Release|Any CPU
	EndGlobalSection
	GlobalSection(ProjectConfigurationPlatforms) = postSolution
		{DD42E083-3070-4BB6-9C20-385730C52D1E}.Debug|Any CPU.ActiveCfg = Debug|Any CPU
		{DD42E083-3070-4BB6-9C20-385730C52D1E}.Debug|Any CPU.Build.0 = Debug|Any CPU
		{DD42E083-3070-4BB6-9C20-385730C52D1E}.Release|Any CPU.ActiveCfg = Release|Any CPU
		{DD42E083-3070-4BB6-9C20-385730C52D1E}.Release|Any CPU.Build.0 = Release|Any CPU
		{34CBD043-63B8-49B7-99A2-E9FCC0FD7981}.Debug|Any CPU.ActiveCfg = Debug|Any CPU
		{34CBD043-63B8-49B7-99A2-E9FCC0FD7981}.Debug|Any CPU.Build.0 = Debug|Any CPU
		{34CBD043-63B8-49B7-99A2-E9FCC0FD7981}.Release|Any CPU.ActiveCfg = Release|Any CPU
		{34CBD043-63B8-49B7-99A2-E9FCC0FD7981}.Release|Any CPU.Build.0 = Release|Any CPU
		{DFCC2641-B90E-42E6-86F6-701A44A45C70}.Debug|Any CPU.ActiveCfg = Debug|Any CPU
		{DFCC2641-B90E-42E6-86F6-701A44A45C70}.Debug|Any CPU.Build.0 = Debug|Any CPU
		{DFCC2641-B90E-42E6-86F6-701A44A45C70}.Release|Any CPU.ActiveCfg = Release|Any CPU
		{DFCC2641-B90E-42E6-86F6-701A44A45C70}.Release|Any CPU.Build.0 = Release|Any CPU
		{3DF9C3DE-F0EE-46D8-AED2-B3F3CC99B7D7}.Debug|Any CPU.ActiveCfg = Debug|Any CPU
		{3DF9C3DE-F0EE-46D8-AED2-B3F3CC99B7D7}.Debug|Any CPU.Build.0 = Debug|Any CPU
		{3DF9C3DE-F0EE-46D8-AED2-B3F3CC99B7D7}.Release|Any CPU.ActiveCfg = Release|Any CPU
		{3DF9C3DE-F0EE-46D8-AED2-B3F3CC99B7D7}.Release|Any CPU.Build.0 = Release|Any CPU
		{C143451C-5454-447D-874D-F266981028F0}.Debug|Any CPU.ActiveCfg = Debug|Any CPU
		{C143451C-5454-447D-874D-F266981028F0}.Debug|Any CPU.Build.0 = Debug|Any CPU
		{C143451C-5454-447D-874D-F266981028F0}.Release|Any CPU.ActiveCfg = Release|Any CPU
		{C143451C-5454-447D-874D-F266981028F0}.Release|Any CPU.Build.0 = Release|Any CPU
	EndGlobalSection
	GlobalSection(SolutionProperties) = preSolution
		HideSolutionNode = FALSE
	EndGlobalSection
	GlobalSection(ExtensibilityGlobals) = postSolution
		SolutionGuid = {93094FE9-4496-4FC9-B78A-85D7E65E19B4}
	EndGlobalSection
EndGlobal
