
Microsoft Visual Studio Solution File, Format Version 12.00
# Visual Studio Version 16
VisualStudioVersion = 16.0.31025.218
MinimumVisualStudioVersion = 10.0.40219.1
Project("{2150E333-8FDC-42A3-9474-1A3956D46DE8}") = "LCARS", "LCARS", "{3D47ABF1-89D6-4C6E-BF4A-F82861D1AE58}"
EndProject
Project("{2150E333-8FDC-42A3-9474-1A3956D46DE8}") = "Interfaces", "Interfaces", "{4EE38D26-4AB1-4B38-8C89-ED24EFF4CFE1}"
EndProject
Project("{2150E333-8FDC-42A3-9474-1A3956D46DE8}") = "Subroutines", "Subroutines", "{591F314A-4F7E-4035-AD3B-792344779AE6}"
EndProject
Project("{9A19103F-16F7-4668-BE54-9A1E7A4F7556}") = "LCARS.Core", "LCARS\LCARS.Core\LCARS.Core.csproj", "{829D2261-F4BD-4282-AB7D-CE7A69BCA8AF}"
EndProject
Project("{FAE04EC0-301F-11D3-BF4B-00C04F79EFBC}") = "LCARS.Interfaces.Tricorder.UWP", "Interfaces\LCARS.Interfaces.Tricorder\LCARS.Interfaces.Tricorder.UWP\LCARS.Interfaces.Tricorder.UWP.csproj", "{3AF5D7DD-C17D-4B96-A484-29DC0DB0BB42}"
EndProject
Project("{FAE04EC0-301F-11D3-BF4B-00C04F79EFBC}") = "LCARS.Interfaces.Tricorder.Android", "Interfaces\LCARS.Interfaces.Tricorder\LCARS.Interfaces.Tricorder.Android\LCARS.Interfaces.Tricorder.Android.csproj", "{1C796806-B3DC-458B-9DD9-A4FAC71F0127}"
EndProject
Project("{FAE04EC0-301F-11D3-BF4B-00C04F79EFBC}") = "LCARS.Interfaces.Tricorder.iOS", "Interfaces\LCARS.Interfaces.Tricorder\LCARS.Interfaces.Tricorder.iOS\LCARS.Interfaces.Tricorder.iOS.csproj", "{5A6FE61F-AF28-42B1-8EB8-9BA3839B22B6}"
EndProject
Project("{9A19103F-16F7-4668-BE54-9A1E7A4F7556}") = "LCARS.Interfaces.Tricorder", "Interfaces\LCARS.Interfaces.Tricorder\LCARS.Interfaces.Tricorder\LCARS.Interfaces.Tricorder.csproj", "{694B5395-0EA0-45E0-8E9C-27F75C94199D}"
EndProject
Project("{9A19103F-16F7-4668-BE54-9A1E7A4F7556}") = "Subroutine.LCARS.Core.Initialize", "Subroutines\Subroutine.LCARS.Core.Initialize\Subroutine.LCARS.Core.Initialize.csproj", "{B914849D-4A57-41A8-BCAB-B0E9DF7DAC03}"
EndProject
Project("{FAE04EC0-301F-11D3-BF4B-00C04F79EFBC}") = "LCARS.Command.Processor.Chi.48", "LCARS\LCARS.Command.Processor.Chi.48\LCARS.Command.Processor.Chi.48.csproj", "{645CD698-3E56-4954-848B-E4D4CDA368DE}"
EndProject
Project("{9A19103F-16F7-4668-BE54-9A1E7A4F7556}") = "LCARS.Core.Data", "LCARS\LCARS.Core.Data\LCARS.Core.Data.csproj", "{B1758CBA-24C2-4F76-8F9E-CE757832C601}"
EndProject
Project("{9A19103F-16F7-4668-BE54-9A1E7A4F7556}") = "LCARS.Core.Migrations", "LCARS\LCARS.Core.Migrations\LCARS.Core.Migrations.csproj", "{63B4B917-2210-4802-B17A-1EA957FFDEA7}"
EndProject
Global
	GlobalSection(SolutionConfigurationPlatforms) = preSolution
		Debug|Any CPU = Debug|Any CPU
		Debug|ARM = Debug|ARM
		Debug|iPhone = Debug|iPhone
		Debug|iPhoneSimulator = Debug|iPhoneSimulator
		Debug|x64 = Debug|x64
		Debug|x86 = Debug|x86
		Release|Any CPU = Release|Any CPU
		Release|ARM = Release|ARM
		Release|iPhone = Release|iPhone
		Release|iPhoneSimulator = Release|iPhoneSimulator
		Release|x64 = Release|x64
		Release|x86 = Release|x86
	EndGlobalSection
	GlobalSection(ProjectConfigurationPlatforms) = postSolution
		{829D2261-F4BD-4282-AB7D-CE7A69BCA8AF}.Debug|Any CPU.ActiveCfg = Debug|Any CPU
		{829D2261-F4BD-4282-AB7D-CE7A69BCA8AF}.Debug|Any CPU.Build.0 = Debug|Any CPU
		{829D2261-F4BD-4282-AB7D-CE7A69BCA8AF}.Debug|ARM.ActiveCfg = Debug|Any CPU
		{829D2261-F4BD-4282-AB7D-CE7A69BCA8AF}.Debug|ARM.Build.0 = Debug|Any CPU
		{829D2261-F4BD-4282-AB7D-CE7A69BCA8AF}.Debug|iPhone.ActiveCfg = Debug|Any CPU
		{829D2261-F4BD-4282-AB7D-CE7A69BCA8AF}.Debug|iPhone.Build.0 = Debug|Any CPU
		{829D2261-F4BD-4282-AB7D-CE7A69BCA8AF}.Debug|iPhoneSimulator.ActiveCfg = Debug|Any CPU
		{829D2261-F4BD-4282-AB7D-CE7A69BCA8AF}.Debug|iPhoneSimulator.Build.0 = Debug|Any CPU
		{829D2261-F4BD-4282-AB7D-CE7A69BCA8AF}.Debug|x64.ActiveCfg = Debug|Any CPU
		{829D2261-F4BD-4282-AB7D-CE7A69BCA8AF}.Debug|x64.Build.0 = Debug|Any CPU
		{829D2261-F4BD-4282-AB7D-CE7A69BCA8AF}.Debug|x86.ActiveCfg = Debug|Any CPU
		{829D2261-F4BD-4282-AB7D-CE7A69BCA8AF}.Debug|x86.Build.0 = Debug|Any CPU
		{829D2261-F4BD-4282-AB7D-CE7A69BCA8AF}.Release|Any CPU.ActiveCfg = Release|Any CPU
		{829D2261-F4BD-4282-AB7D-CE7A69BCA8AF}.Release|Any CPU.Build.0 = Release|Any CPU
		{829D2261-F4BD-4282-AB7D-CE7A69BCA8AF}.Release|ARM.ActiveCfg = Release|Any CPU
		{829D2261-F4BD-4282-AB7D-CE7A69BCA8AF}.Release|ARM.Build.0 = Release|Any CPU
		{829D2261-F4BD-4282-AB7D-CE7A69BCA8AF}.Release|iPhone.ActiveCfg = Release|Any CPU
		{829D2261-F4BD-4282-AB7D-CE7A69BCA8AF}.Release|iPhone.Build.0 = Release|Any CPU
		{829D2261-F4BD-4282-AB7D-CE7A69BCA8AF}.Release|iPhoneSimulator.ActiveCfg = Release|Any CPU
		{829D2261-F4BD-4282-AB7D-CE7A69BCA8AF}.Release|iPhoneSimulator.Build.0 = Release|Any CPU
		{829D2261-F4BD-4282-AB7D-CE7A69BCA8AF}.Release|x64.ActiveCfg = Release|Any CPU
		{829D2261-F4BD-4282-AB7D-CE7A69BCA8AF}.Release|x64.Build.0 = Release|Any CPU
		{829D2261-F4BD-4282-AB7D-CE7A69BCA8AF}.Release|x86.ActiveCfg = Release|Any CPU
		{829D2261-F4BD-4282-AB7D-CE7A69BCA8AF}.Release|x86.Build.0 = Release|Any CPU
		{3AF5D7DD-C17D-4B96-A484-29DC0DB0BB42}.Debug|Any CPU.ActiveCfg = Debug|x86
		{3AF5D7DD-C17D-4B96-A484-29DC0DB0BB42}.Debug|ARM.ActiveCfg = Debug|ARM
		{3AF5D7DD-C17D-4B96-A484-29DC0DB0BB42}.Debug|ARM.Build.0 = Debug|ARM
		{3AF5D7DD-C17D-4B96-A484-29DC0DB0BB42}.Debug|ARM.Deploy.0 = Debug|ARM
		{3AF5D7DD-C17D-4B96-A484-29DC0DB0BB42}.Debug|iPhone.ActiveCfg = Debug|x86
		{3AF5D7DD-C17D-4B96-A484-29DC0DB0BB42}.Debug|iPhoneSimulator.ActiveCfg = Debug|x86
		{3AF5D7DD-C17D-4B96-A484-29DC0DB0BB42}.Debug|x64.ActiveCfg = Debug|x64
		{3AF5D7DD-C17D-4B96-A484-29DC0DB0BB42}.Debug|x64.Build.0 = Debug|x64
		{3AF5D7DD-C17D-4B96-A484-29DC0DB0BB42}.Debug|x64.Deploy.0 = Debug|x64
		{3AF5D7DD-C17D-4B96-A484-29DC0DB0BB42}.Debug|x86.ActiveCfg = Debug|x86
		{3AF5D7DD-C17D-4B96-A484-29DC0DB0BB42}.Debug|x86.Build.0 = Debug|x86
		{3AF5D7DD-C17D-4B96-A484-29DC0DB0BB42}.Debug|x86.Deploy.0 = Debug|x86
		{3AF5D7DD-C17D-4B96-A484-29DC0DB0BB42}.Release|Any CPU.ActiveCfg = Release|x86
		{3AF5D7DD-C17D-4B96-A484-29DC0DB0BB42}.Release|ARM.ActiveCfg = Release|ARM
		{3AF5D7DD-C17D-4B96-A484-29DC0DB0BB42}.Release|ARM.Build.0 = Release|ARM
		{3AF5D7DD-C17D-4B96-A484-29DC0DB0BB42}.Release|ARM.Deploy.0 = Release|ARM
		{3AF5D7DD-C17D-4B96-A484-29DC0DB0BB42}.Release|iPhone.ActiveCfg = Release|x86
		{3AF5D7DD-C17D-4B96-A484-29DC0DB0BB42}.Release|iPhoneSimulator.ActiveCfg = Release|x86
		{3AF5D7DD-C17D-4B96-A484-29DC0DB0BB42}.Release|x64.ActiveCfg = Release|x64
		{3AF5D7DD-C17D-4B96-A484-29DC0DB0BB42}.Release|x64.Build.0 = Release|x64
		{3AF5D7DD-C17D-4B96-A484-29DC0DB0BB42}.Release|x64.Deploy.0 = Release|x64
		{3AF5D7DD-C17D-4B96-A484-29DC0DB0BB42}.Release|x86.ActiveCfg = Release|x86
		{3AF5D7DD-C17D-4B96-A484-29DC0DB0BB42}.Release|x86.Build.0 = Release|x86
		{3AF5D7DD-C17D-4B96-A484-29DC0DB0BB42}.Release|x86.Deploy.0 = Release|x86
		{1C796806-B3DC-458B-9DD9-A4FAC71F0127}.Debug|Any CPU.ActiveCfg = Debug|Any CPU
		{1C796806-B3DC-458B-9DD9-A4FAC71F0127}.Debug|Any CPU.Build.0 = Debug|Any CPU
		{1C796806-B3DC-458B-9DD9-A4FAC71F0127}.Debug|Any CPU.Deploy.0 = Debug|Any CPU
		{1C796806-B3DC-458B-9DD9-A4FAC71F0127}.Debug|ARM.ActiveCfg = Debug|Any CPU
		{1C796806-B3DC-458B-9DD9-A4FAC71F0127}.Debug|ARM.Build.0 = Debug|Any CPU
		{1C796806-B3DC-458B-9DD9-A4FAC71F0127}.Debug|ARM.Deploy.0 = Debug|Any CPU
		{1C796806-B3DC-458B-9DD9-A4FAC71F0127}.Debug|iPhone.ActiveCfg = Debug|Any CPU
		{1C796806-B3DC-458B-9DD9-A4FAC71F0127}.Debug|iPhone.Build.0 = Debug|Any CPU
		{1C796806-B3DC-458B-9DD9-A4FAC71F0127}.Debug|iPhone.Deploy.0 = Debug|Any CPU
		{1C796806-B3DC-458B-9DD9-A4FAC71F0127}.Debug|iPhoneSimulator.ActiveCfg = Debug|Any CPU
		{1C796806-B3DC-458B-9DD9-A4FAC71F0127}.Debug|x64.ActiveCfg = Debug|Any CPU
		{1C796806-B3DC-458B-9DD9-A4FAC71F0127}.Debug|x64.Build.0 = Debug|Any CPU
		{1C796806-B3DC-458B-9DD9-A4FAC71F0127}.Debug|x64.Deploy.0 = Debug|Any CPU
		{1C796806-B3DC-458B-9DD9-A4FAC71F0127}.Debug|x86.ActiveCfg = Debug|Any CPU
		{1C796806-B3DC-458B-9DD9-A4FAC71F0127}.Debug|x86.Build.0 = Debug|Any CPU
		{1C796806-B3DC-458B-9DD9-A4FAC71F0127}.Debug|x86.Deploy.0 = Debug|Any CPU
		{1C796806-B3DC-458B-9DD9-A4FAC71F0127}.Release|Any CPU.ActiveCfg = Release|Any CPU
		{1C796806-B3DC-458B-9DD9-A4FAC71F0127}.Release|Any CPU.Build.0 = Release|Any CPU
		{1C796806-B3DC-458B-9DD9-A4FAC71F0127}.Release|Any CPU.Deploy.0 = Release|Any CPU
		{1C796806-B3DC-458B-9DD9-A4FAC71F0127}.Release|ARM.ActiveCfg = Release|Any CPU
		{1C796806-B3DC-458B-9DD9-A4FAC71F0127}.Release|ARM.Build.0 = Release|Any CPU
		{1C796806-B3DC-458B-9DD9-A4FAC71F0127}.Release|ARM.Deploy.0 = Release|Any CPU
		{1C796806-B3DC-458B-9DD9-A4FAC71F0127}.Release|iPhone.ActiveCfg = Release|Any CPU
		{1C796806-B3DC-458B-9DD9-A4FAC71F0127}.Release|iPhone.Build.0 = Release|Any CPU
		{1C796806-B3DC-458B-9DD9-A4FAC71F0127}.Release|iPhone.Deploy.0 = Release|Any CPU
		{1C796806-B3DC-458B-9DD9-A4FAC71F0127}.Release|iPhoneSimulator.ActiveCfg = Release|Any CPU
		{1C796806-B3DC-458B-9DD9-A4FAC71F0127}.Release|iPhoneSimulator.Build.0 = Release|Any CPU
		{1C796806-B3DC-458B-9DD9-A4FAC71F0127}.Release|iPhoneSimulator.Deploy.0 = Release|Any CPU
		{1C796806-B3DC-458B-9DD9-A4FAC71F0127}.Release|x64.ActiveCfg = Release|Any CPU
		{1C796806-B3DC-458B-9DD9-A4FAC71F0127}.Release|x64.Build.0 = Release|Any CPU
		{1C796806-B3DC-458B-9DD9-A4FAC71F0127}.Release|x64.Deploy.0 = Release|Any CPU
		{1C796806-B3DC-458B-9DD9-A4FAC71F0127}.Release|x86.ActiveCfg = Release|Any CPU
		{1C796806-B3DC-458B-9DD9-A4FAC71F0127}.Release|x86.Build.0 = Release|Any CPU
		{1C796806-B3DC-458B-9DD9-A4FAC71F0127}.Release|x86.Deploy.0 = Release|Any CPU
		{5A6FE61F-AF28-42B1-8EB8-9BA3839B22B6}.Debug|Any CPU.ActiveCfg = Debug|iPhoneSimulator
		{5A6FE61F-AF28-42B1-8EB8-9BA3839B22B6}.Debug|ARM.ActiveCfg = Debug|iPhoneSimulator
		{5A6FE61F-AF28-42B1-8EB8-9BA3839B22B6}.Debug|iPhone.ActiveCfg = Debug|iPhone
		{5A6FE61F-AF28-42B1-8EB8-9BA3839B22B6}.Debug|iPhone.Build.0 = Debug|iPhone
		{5A6FE61F-AF28-42B1-8EB8-9BA3839B22B6}.Debug|iPhoneSimulator.ActiveCfg = Debug|iPhoneSimulator
		{5A6FE61F-AF28-42B1-8EB8-9BA3839B22B6}.Debug|x64.ActiveCfg = Debug|iPhoneSimulator
		{5A6FE61F-AF28-42B1-8EB8-9BA3839B22B6}.Debug|x86.ActiveCfg = Debug|iPhoneSimulator
		{5A6FE61F-AF28-42B1-8EB8-9BA3839B22B6}.Release|Any CPU.ActiveCfg = Release|iPhoneSimulator
		{5A6FE61F-AF28-42B1-8EB8-9BA3839B22B6}.Release|ARM.ActiveCfg = Release|iPhoneSimulator
		{5A6FE61F-AF28-42B1-8EB8-9BA3839B22B6}.Release|iPhone.ActiveCfg = Release|iPhone
		{5A6FE61F-AF28-42B1-8EB8-9BA3839B22B6}.Release|iPhone.Build.0 = Release|iPhone
		{5A6FE61F-AF28-42B1-8EB8-9BA3839B22B6}.Release|iPhoneSimulator.ActiveCfg = Release|iPhoneSimulator
		{5A6FE61F-AF28-42B1-8EB8-9BA3839B22B6}.Release|iPhoneSimulator.Build.0 = Release|iPhoneSimulator
		{5A6FE61F-AF28-42B1-8EB8-9BA3839B22B6}.Release|x64.ActiveCfg = Release|iPhoneSimulator
		{5A6FE61F-AF28-42B1-8EB8-9BA3839B22B6}.Release|x86.ActiveCfg = Release|iPhoneSimulator
		{694B5395-0EA0-45E0-8E9C-27F75C94199D}.Debug|Any CPU.ActiveCfg = Debug|Any CPU
		{694B5395-0EA0-45E0-8E9C-27F75C94199D}.Debug|Any CPU.Build.0 = Debug|Any CPU
		{694B5395-0EA0-45E0-8E9C-27F75C94199D}.Debug|ARM.ActiveCfg = Debug|Any CPU
		{694B5395-0EA0-45E0-8E9C-27F75C94199D}.Debug|ARM.Build.0 = Debug|Any CPU
		{694B5395-0EA0-45E0-8E9C-27F75C94199D}.Debug|iPhone.ActiveCfg = Debug|Any CPU
		{694B5395-0EA0-45E0-8E9C-27F75C94199D}.Debug|iPhone.Build.0 = Debug|Any CPU
		{694B5395-0EA0-45E0-8E9C-27F75C94199D}.Debug|iPhoneSimulator.ActiveCfg = Debug|Any CPU
		{694B5395-0EA0-45E0-8E9C-27F75C94199D}.Debug|iPhoneSimulator.Build.0 = Debug|Any CPU
		{694B5395-0EA0-45E0-8E9C-27F75C94199D}.Debug|x64.ActiveCfg = Debug|Any CPU
		{694B5395-0EA0-45E0-8E9C-27F75C94199D}.Debug|x64.Build.0 = Debug|Any CPU
		{694B5395-0EA0-45E0-8E9C-27F75C94199D}.Debug|x86.ActiveCfg = Debug|Any CPU
		{694B5395-0EA0-45E0-8E9C-27F75C94199D}.Debug|x86.Build.0 = Debug|Any CPU
		{694B5395-0EA0-45E0-8E9C-27F75C94199D}.Release|Any CPU.ActiveCfg = Release|Any CPU
		{694B5395-0EA0-45E0-8E9C-27F75C94199D}.Release|Any CPU.Build.0 = Release|Any CPU
		{694B5395-0EA0-45E0-8E9C-27F75C94199D}.Release|ARM.ActiveCfg = Release|Any CPU
		{694B5395-0EA0-45E0-8E9C-27F75C94199D}.Release|ARM.Build.0 = Release|Any CPU
		{694B5395-0EA0-45E0-8E9C-27F75C94199D}.Release|iPhone.ActiveCfg = Release|Any CPU
		{694B5395-0EA0-45E0-8E9C-27F75C94199D}.Release|iPhone.Build.0 = Release|Any CPU
		{694B5395-0EA0-45E0-8E9C-27F75C94199D}.Release|iPhoneSimulator.ActiveCfg = Release|Any CPU
		{694B5395-0EA0-45E0-8E9C-27F75C94199D}.Release|iPhoneSimulator.Build.0 = Release|Any CPU
		{694B5395-0EA0-45E0-8E9C-27F75C94199D}.Release|x64.ActiveCfg = Release|Any CPU
		{694B5395-0EA0-45E0-8E9C-27F75C94199D}.Release|x64.Build.0 = Release|Any CPU
		{694B5395-0EA0-45E0-8E9C-27F75C94199D}.Release|x86.ActiveCfg = Release|Any CPU
		{694B5395-0EA0-45E0-8E9C-27F75C94199D}.Release|x86.Build.0 = Release|Any CPU
		{B914849D-4A57-41A8-BCAB-B0E9DF7DAC03}.Debug|Any CPU.ActiveCfg = Debug|Any CPU
		{B914849D-4A57-41A8-BCAB-B0E9DF7DAC03}.Debug|Any CPU.Build.0 = Debug|Any CPU
		{B914849D-4A57-41A8-BCAB-B0E9DF7DAC03}.Debug|ARM.ActiveCfg = Debug|Any CPU
		{B914849D-4A57-41A8-BCAB-B0E9DF7DAC03}.Debug|ARM.Build.0 = Debug|Any CPU
		{B914849D-4A57-41A8-BCAB-B0E9DF7DAC03}.Debug|iPhone.ActiveCfg = Debug|Any CPU
		{B914849D-4A57-41A8-BCAB-B0E9DF7DAC03}.Debug|iPhone.Build.0 = Debug|Any CPU
		{B914849D-4A57-41A8-BCAB-B0E9DF7DAC03}.Debug|iPhoneSimulator.ActiveCfg = Debug|Any CPU
		{B914849D-4A57-41A8-BCAB-B0E9DF7DAC03}.Debug|iPhoneSimulator.Build.0 = Debug|Any CPU
		{B914849D-4A57-41A8-BCAB-B0E9DF7DAC03}.Debug|x64.ActiveCfg = Debug|Any CPU
		{B914849D-4A57-41A8-BCAB-B0E9DF7DAC03}.Debug|x64.Build.0 = Debug|Any CPU
		{B914849D-4A57-41A8-BCAB-B0E9DF7DAC03}.Debug|x86.ActiveCfg = Debug|Any CPU
		{B914849D-4A57-41A8-BCAB-B0E9DF7DAC03}.Debug|x86.Build.0 = Debug|Any CPU
		{B914849D-4A57-41A8-BCAB-B0E9DF7DAC03}.Release|Any CPU.ActiveCfg = Release|Any CPU
		{B914849D-4A57-41A8-BCAB-B0E9DF7DAC03}.Release|Any CPU.Build.0 = Release|Any CPU
		{B914849D-4A57-41A8-BCAB-B0E9DF7DAC03}.Release|ARM.ActiveCfg = Release|Any CPU
		{B914849D-4A57-41A8-BCAB-B0E9DF7DAC03}.Release|ARM.Build.0 = Release|Any CPU
		{B914849D-4A57-41A8-BCAB-B0E9DF7DAC03}.Release|iPhone.ActiveCfg = Release|Any CPU
		{B914849D-4A57-41A8-BCAB-B0E9DF7DAC03}.Release|iPhone.Build.0 = Release|Any CPU
		{B914849D-4A57-41A8-BCAB-B0E9DF7DAC03}.Release|iPhoneSimulator.ActiveCfg = Release|Any CPU
		{B914849D-4A57-41A8-BCAB-B0E9DF7DAC03}.Release|iPhoneSimulator.Build.0 = Release|Any CPU
		{B914849D-4A57-41A8-BCAB-B0E9DF7DAC03}.Release|x64.ActiveCfg = Release|Any CPU
		{B914849D-4A57-41A8-BCAB-B0E9DF7DAC03}.Release|x64.Build.0 = Release|Any CPU
		{B914849D-4A57-41A8-BCAB-B0E9DF7DAC03}.Release|x86.ActiveCfg = Release|Any CPU
		{B914849D-4A57-41A8-BCAB-B0E9DF7DAC03}.Release|x86.Build.0 = Release|Any CPU
		{645CD698-3E56-4954-848B-E4D4CDA368DE}.Debug|Any CPU.ActiveCfg = Debug|Any CPU
		{645CD698-3E56-4954-848B-E4D4CDA368DE}.Debug|Any CPU.Build.0 = Debug|Any CPU
		{645CD698-3E56-4954-848B-E4D4CDA368DE}.Debug|ARM.ActiveCfg = Debug|Any CPU
		{645CD698-3E56-4954-848B-E4D4CDA368DE}.Debug|ARM.Build.0 = Debug|Any CPU
		{645CD698-3E56-4954-848B-E4D4CDA368DE}.Debug|iPhone.ActiveCfg = Debug|Any CPU
		{645CD698-3E56-4954-848B-E4D4CDA368DE}.Debug|iPhone.Build.0 = Debug|Any CPU
		{645CD698-3E56-4954-848B-E4D4CDA368DE}.Debug|iPhoneSimulator.ActiveCfg = Debug|Any CPU
		{645CD698-3E56-4954-848B-E4D4CDA368DE}.Debug|iPhoneSimulator.Build.0 = Debug|Any CPU
		{645CD698-3E56-4954-848B-E4D4CDA368DE}.Debug|x64.ActiveCfg = Debug|Any CPU
		{645CD698-3E56-4954-848B-E4D4CDA368DE}.Debug|x64.Build.0 = Debug|Any CPU
		{645CD698-3E56-4954-848B-E4D4CDA368DE}.Debug|x86.ActiveCfg = Debug|Any CPU
		{645CD698-3E56-4954-848B-E4D4CDA368DE}.Debug|x86.Build.0 = Debug|Any CPU
		{645CD698-3E56-4954-848B-E4D4CDA368DE}.Release|Any CPU.ActiveCfg = Release|Any CPU
		{645CD698-3E56-4954-848B-E4D4CDA368DE}.Release|Any CPU.Build.0 = Release|Any CPU
		{645CD698-3E56-4954-848B-E4D4CDA368DE}.Release|ARM.ActiveCfg = Release|Any CPU
		{645CD698-3E56-4954-848B-E4D4CDA368DE}.Release|ARM.Build.0 = Release|Any CPU
		{645CD698-3E56-4954-848B-E4D4CDA368DE}.Release|iPhone.ActiveCfg = Release|Any CPU
		{645CD698-3E56-4954-848B-E4D4CDA368DE}.Release|iPhone.Build.0 = Release|Any CPU
		{645CD698-3E56-4954-848B-E4D4CDA368DE}.Release|iPhoneSimulator.ActiveCfg = Release|Any CPU
		{645CD698-3E56-4954-848B-E4D4CDA368DE}.Release|iPhoneSimulator.Build.0 = Release|Any CPU
		{645CD698-3E56-4954-848B-E4D4CDA368DE}.Release|x64.ActiveCfg = Release|Any CPU
		{645CD698-3E56-4954-848B-E4D4CDA368DE}.Release|x64.Build.0 = Release|Any CPU
		{645CD698-3E56-4954-848B-E4D4CDA368DE}.Release|x86.ActiveCfg = Release|Any CPU
		{645CD698-3E56-4954-848B-E4D4CDA368DE}.Release|x86.Build.0 = Release|Any CPU
		{B1758CBA-24C2-4F76-8F9E-CE757832C601}.Debug|Any CPU.ActiveCfg = Debug|Any CPU
		{B1758CBA-24C2-4F76-8F9E-CE757832C601}.Debug|Any CPU.Build.0 = Debug|Any CPU
		{B1758CBA-24C2-4F76-8F9E-CE757832C601}.Debug|ARM.ActiveCfg = Debug|Any CPU
		{B1758CBA-24C2-4F76-8F9E-CE757832C601}.Debug|ARM.Build.0 = Debug|Any CPU
		{B1758CBA-24C2-4F76-8F9E-CE757832C601}.Debug|iPhone.ActiveCfg = Debug|Any CPU
		{B1758CBA-24C2-4F76-8F9E-CE757832C601}.Debug|iPhone.Build.0 = Debug|Any CPU
		{B1758CBA-24C2-4F76-8F9E-CE757832C601}.Debug|iPhoneSimulator.ActiveCfg = Debug|Any CPU
		{B1758CBA-24C2-4F76-8F9E-CE757832C601}.Debug|iPhoneSimulator.Build.0 = Debug|Any CPU
		{B1758CBA-24C2-4F76-8F9E-CE757832C601}.Debug|x64.ActiveCfg = Debug|Any CPU
		{B1758CBA-24C2-4F76-8F9E-CE757832C601}.Debug|x64.Build.0 = Debug|Any CPU
		{B1758CBA-24C2-4F76-8F9E-CE757832C601}.Debug|x86.ActiveCfg = Debug|Any CPU
		{B1758CBA-24C2-4F76-8F9E-CE757832C601}.Debug|x86.Build.0 = Debug|Any CPU
		{B1758CBA-24C2-4F76-8F9E-CE757832C601}.Release|Any CPU.ActiveCfg = Release|Any CPU
		{B1758CBA-24C2-4F76-8F9E-CE757832C601}.Release|Any CPU.Build.0 = Release|Any CPU
		{B1758CBA-24C2-4F76-8F9E-CE757832C601}.Release|ARM.ActiveCfg = Release|Any CPU
		{B1758CBA-24C2-4F76-8F9E-CE757832C601}.Release|ARM.Build.0 = Release|Any CPU
		{B1758CBA-24C2-4F76-8F9E-CE757832C601}.Release|iPhone.ActiveCfg = Release|Any CPU
		{B1758CBA-24C2-4F76-8F9E-CE757832C601}.Release|iPhone.Build.0 = Release|Any CPU
		{B1758CBA-24C2-4F76-8F9E-CE757832C601}.Release|iPhoneSimulator.ActiveCfg = Release|Any CPU
		{B1758CBA-24C2-4F76-8F9E-CE757832C601}.Release|iPhoneSimulator.Build.0 = Release|Any CPU
		{B1758CBA-24C2-4F76-8F9E-CE757832C601}.Release|x64.ActiveCfg = Release|Any CPU
		{B1758CBA-24C2-4F76-8F9E-CE757832C601}.Release|x64.Build.0 = Release|Any CPU
		{B1758CBA-24C2-4F76-8F9E-CE757832C601}.Release|x86.ActiveCfg = Release|Any CPU
		{B1758CBA-24C2-4F76-8F9E-CE757832C601}.Release|x86.Build.0 = Release|Any CPU
		{63B4B917-2210-4802-B17A-1EA957FFDEA7}.Debug|Any CPU.ActiveCfg = Debug|Any CPU
		{63B4B917-2210-4802-B17A-1EA957FFDEA7}.Debug|Any CPU.Build.0 = Debug|Any CPU
		{63B4B917-2210-4802-B17A-1EA957FFDEA7}.Debug|ARM.ActiveCfg = Debug|Any CPU
		{63B4B917-2210-4802-B17A-1EA957FFDEA7}.Debug|ARM.Build.0 = Debug|Any CPU
		{63B4B917-2210-4802-B17A-1EA957FFDEA7}.Debug|iPhone.ActiveCfg = Debug|Any CPU
		{63B4B917-2210-4802-B17A-1EA957FFDEA7}.Debug|iPhone.Build.0 = Debug|Any CPU
		{63B4B917-2210-4802-B17A-1EA957FFDEA7}.Debug|iPhoneSimulator.ActiveCfg = Debug|Any CPU
		{63B4B917-2210-4802-B17A-1EA957FFDEA7}.Debug|iPhoneSimulator.Build.0 = Debug|Any CPU
		{63B4B917-2210-4802-B17A-1EA957FFDEA7}.Debug|x64.ActiveCfg = Debug|Any CPU
		{63B4B917-2210-4802-B17A-1EA957FFDEA7}.Debug|x64.Build.0 = Debug|Any CPU
		{63B4B917-2210-4802-B17A-1EA957FFDEA7}.Debug|x86.ActiveCfg = Debug|Any CPU
		{63B4B917-2210-4802-B17A-1EA957FFDEA7}.Debug|x86.Build.0 = Debug|Any CPU
		{63B4B917-2210-4802-B17A-1EA957FFDEA7}.Release|Any CPU.ActiveCfg = Release|Any CPU
		{63B4B917-2210-4802-B17A-1EA957FFDEA7}.Release|Any CPU.Build.0 = Release|Any CPU
		{63B4B917-2210-4802-B17A-1EA957FFDEA7}.Release|ARM.ActiveCfg = Release|Any CPU
		{63B4B917-2210-4802-B17A-1EA957FFDEA7}.Release|ARM.Build.0 = Release|Any CPU
		{63B4B917-2210-4802-B17A-1EA957FFDEA7}.Release|iPhone.ActiveCfg = Release|Any CPU
		{63B4B917-2210-4802-B17A-1EA957FFDEA7}.Release|iPhone.Build.0 = Release|Any CPU
		{63B4B917-2210-4802-B17A-1EA957FFDEA7}.Release|iPhoneSimulator.ActiveCfg = Release|Any CPU
		{63B4B917-2210-4802-B17A-1EA957FFDEA7}.Release|iPhoneSimulator.Build.0 = Release|Any CPU
		{63B4B917-2210-4802-B17A-1EA957FFDEA7}.Release|x64.ActiveCfg = Release|Any CPU
		{63B4B917-2210-4802-B17A-1EA957FFDEA7}.Release|x64.Build.0 = Release|Any CPU
		{63B4B917-2210-4802-B17A-1EA957FFDEA7}.Release|x86.ActiveCfg = Release|Any CPU
		{63B4B917-2210-4802-B17A-1EA957FFDEA7}.Release|x86.Build.0 = Release|Any CPU
	EndGlobalSection
	GlobalSection(SolutionProperties) = preSolution
		HideSolutionNode = FALSE
	EndGlobalSection
	GlobalSection(NestedProjects) = preSolution
		{829D2261-F4BD-4282-AB7D-CE7A69BCA8AF} = {3D47ABF1-89D6-4C6E-BF4A-F82861D1AE58}
		{3AF5D7DD-C17D-4B96-A484-29DC0DB0BB42} = {4EE38D26-4AB1-4B38-8C89-ED24EFF4CFE1}
		{1C796806-B3DC-458B-9DD9-A4FAC71F0127} = {4EE38D26-4AB1-4B38-8C89-ED24EFF4CFE1}
		{5A6FE61F-AF28-42B1-8EB8-9BA3839B22B6} = {4EE38D26-4AB1-4B38-8C89-ED24EFF4CFE1}
		{694B5395-0EA0-45E0-8E9C-27F75C94199D} = {4EE38D26-4AB1-4B38-8C89-ED24EFF4CFE1}
		{B914849D-4A57-41A8-BCAB-B0E9DF7DAC03} = {591F314A-4F7E-4035-AD3B-792344779AE6}
		{645CD698-3E56-4954-848B-E4D4CDA368DE} = {3D47ABF1-89D6-4C6E-BF4A-F82861D1AE58}
		{B1758CBA-24C2-4F76-8F9E-CE757832C601} = {3D47ABF1-89D6-4C6E-BF4A-F82861D1AE58}
		{63B4B917-2210-4802-B17A-1EA957FFDEA7} = {3D47ABF1-89D6-4C6E-BF4A-F82861D1AE58}
	EndGlobalSection
	GlobalSection(ExtensibilityGlobals) = postSolution
		SolutionGuid = {41E311C1-F4E1-444C-AFB2-13F83D06D33A}
	EndGlobalSection
EndGlobal
