
Microsoft Visual Studio Solution File, Format Version 12.00
# Visual Studio Version 17
VisualStudioVersion = 17.0.31423.177
MinimumVisualStudioVersion = 10.0.40219.1
Project("{2150E333-8FDC-42A3-9474-1A3956D46DE8}") = "LCARS", "LCARS", "{3D47ABF1-89D6-4C6E-BF4A-F82861D1AE58}"
EndProject
Project("{2150E333-8FDC-42A3-9474-1A3956D46DE8}") = "Subroutines", "Subroutines", "{591F314A-4F7E-4035-AD3B-792344779AE6}"
EndProject
Project("{9A19103F-16F7-4668-BE54-9A1E7A4F7556}") = "LCARS.Core", "LCARS\LCARS.Core\LCARS.Core.csproj", "{829D2261-F4BD-4282-AB7D-CE7A69BCA8AF}"
EndProject
Project("{9A19103F-16F7-4668-BE54-9A1E7A4F7556}") = "Subroutine.LCARS.Core.Initialize", "Subroutines\Subroutine.LCARS.Core.Initialize\Subroutine.LCARS.Core.Initialize.csproj", "{B914849D-4A57-41A8-BCAB-B0E9DF7DAC03}"
EndProject
Project("{FAE04EC0-301F-11D3-BF4B-00C04F79EFBC}") = "LCARS.Command.Processor.Chi.48", "LCARS\LCARS.Command.Processor.Chi.48\LCARS.Command.Processor.Chi.48.csproj", "{645CD698-3E56-4954-848B-E4D4CDA368DE}"
EndProject
Project("{9A19103F-16F7-4668-BE54-9A1E7A4F7556}") = "LCARS.Core.Data", "LCARS\LCARS.Core.Data\LCARS.Core.Data.csproj", "{B1758CBA-24C2-4F76-8F9E-CE757832C601}"
EndProject
Project("{9A19103F-16F7-4668-BE54-9A1E7A4F7556}") = "LCARS.Core.Migrations", "LCARS\LCARS.Core.Migrations\LCARS.Core.Migrations.csproj", "{63B4B917-2210-4802-B17A-1EA957FFDEA7}"
EndProject
Project("{9A19103F-16F7-4668-BE54-9A1E7A4F7556}") = "LCARS.Command.Processor.Delta", "LCARS\LCARS.Command.Processor.Delta\LCARS.Command.Processor.Delta.csproj", "{33F693D9-6D38-42B5-B4B7-723F13FE00E8}"
EndProject
Project("{9A19103F-16F7-4668-BE54-9A1E7A4F7556}") = "Subroutine.Command.Sequencer.Scan", "Subroutines\Subroutine.Command.Sequencer.Scan\Subroutine.Command.Sequencer.Scan.csproj", "{361E818C-5DC0-41CE-9B09-674346F3F25D}"
EndProject
Project("{2150E333-8FDC-42A3-9474-1A3956D46DE8}") = "Command", "Command", "{344214AE-A320-41FB-8DCE-26512BB59B92}"
EndProject
Project("{2150E333-8FDC-42A3-9474-1A3956D46DE8}") = "Processor", "Processor", "{889DBBDB-34B2-4B86-8654-3C2B0CFD1E67}"
EndProject
Project("{2150E333-8FDC-42A3-9474-1A3956D46DE8}") = "Console", "Console", "{64E57407-C824-4A34-A755-6A14780A3491}"
EndProject
Project("{2150E333-8FDC-42A3-9474-1A3956D46DE8}") = "Core", "Core", "{4B5568A9-338C-41AB-830A-454E5CAC565A}"
EndProject
Project("{FAE04EC0-301F-11D3-BF4B-00C04F79EFBC}") = "LCARS.Console.Interface.Desk.Chi", "LCARS\LCARS.Console.Interface.Desk.Chi\LCARS.Console.Interface.Desk.Chi.csproj", "{39E9BA30-0A82-4DE9-9E3A-3FE2B09E6A21}"
EndProject
Project("{9A19103F-16F7-4668-BE54-9A1E7A4F7556}") = "LCARS.Console.Interface.Desk.Delta", "LCARS\LCARS.Console.Interface.Desk.Delta\LCARS.Console.Interface.Desk.Delta.csproj", "{FBC41D1A-5161-4814-830A-98B40F0DEFF2}"
EndProject
Project("{9092AA53-FB77-4645-B42D-1CCCA6BD08BD}") = "LCARS.Console.Interface.Desk.NuGamma", "LCARS\LCARS.Console.Interface.Desk.NuGamma\LCARS.Console.Interface.Desk.NuGamma.njsproj", "{A044E4E3-B936-4124-B5D6-B06E2386D83F}"
EndProject
Global
	GlobalSection(SolutionConfigurationPlatforms) = preSolution
		Debug|Any CPU = Debug|Any CPU
		Debug|ARM = Debug|ARM
		Debug|iPhone = Debug|iPhone
		Debug|iPhoneSimulator = Debug|iPhoneSimulator
		Debug|x64 = Debug|x64
		Debug|x86 = Debug|x86
		Release|Any CPU = Release|Any CPU
		Release|ARM = Release|ARM
		Release|iPhone = Release|iPhone
		Release|iPhoneSimulator = Release|iPhoneSimulator
		Release|x64 = Release|x64
		Release|x86 = Release|x86
	EndGlobalSection
	GlobalSection(ProjectConfigurationPlatforms) = postSolution
		{829D2261-F4BD-4282-AB7D-CE7A69BCA8AF}.Debug|Any CPU.ActiveCfg = Debug|Any CPU
		{829D2261-F4BD-4282-AB7D-CE7A69BCA8AF}.Debug|Any CPU.Build.0 = Debug|Any CPU
		{829D2261-F4BD-4282-AB7D-CE7A69BCA8AF}.Debug|ARM.ActiveCfg = Debug|Any CPU
		{829D2261-F4BD-4282-AB7D-CE7A69BCA8AF}.Debug|ARM.Build.0 = Debug|Any CPU
		{829D2261-F4BD-4282-AB7D-CE7A69BCA8AF}.Debug|iPhone.ActiveCfg = Debug|Any CPU
		{829D2261-F4BD-4282-AB7D-CE7A69BCA8AF}.Debug|iPhone.Build.0 = Debug|Any CPU
		{829D2261-F4BD-4282-AB7D-CE7A69BCA8AF}.Debug|iPhoneSimulator.ActiveCfg = Debug|Any CPU
		{829D2261-F4BD-4282-AB7D-CE7A69BCA8AF}.Debug|iPhoneSimulator.Build.0 = Debug|Any CPU
		{829D2261-F4BD-4282-AB7D-CE7A69BCA8AF}.Debug|x64.ActiveCfg = Debug|Any CPU
		{829D2261-F4BD-4282-AB7D-CE7A69BCA8AF}.Debug|x64.Build.0 = Debug|Any CPU
		{829D2261-F4BD-4282-AB7D-CE7A69BCA8AF}.Debug|x86.ActiveCfg = Debug|Any CPU
		{829D2261-F4BD-4282-AB7D-CE7A69BCA8AF}.Debug|x86.Build.0 = Debug|Any CPU
		{829D2261-F4BD-4282-AB7D-CE7A69BCA8AF}.Release|Any CPU.ActiveCfg = Release|Any CPU
		{829D2261-F4BD-4282-AB7D-CE7A69BCA8AF}.Release|Any CPU.Build.0 = Release|Any CPU
		{829D2261-F4BD-4282-AB7D-CE7A69BCA8AF}.Release|ARM.ActiveCfg = Release|Any CPU
		{829D2261-F4BD-4282-AB7D-CE7A69BCA8AF}.Release|ARM.Build.0 = Release|Any CPU
		{829D2261-F4BD-4282-AB7D-CE7A69BCA8AF}.Release|iPhone.ActiveCfg = Release|Any CPU
		{829D2261-F4BD-4282-AB7D-CE7A69BCA8AF}.Release|iPhone.Build.0 = Release|Any CPU
		{829D2261-F4BD-4282-AB7D-CE7A69BCA8AF}.Release|iPhoneSimulator.ActiveCfg = Release|Any CPU
		{829D2261-F4BD-4282-AB7D-CE7A69BCA8AF}.Release|iPhoneSimulator.Build.0 = Release|Any CPU
		{829D2261-F4BD-4282-AB7D-CE7A69BCA8AF}.Release|x64.ActiveCfg = Release|Any CPU
		{829D2261-F4BD-4282-AB7D-CE7A69BCA8AF}.Release|x64.Build.0 = Release|Any CPU
		{829D2261-F4BD-4282-AB7D-CE7A69BCA8AF}.Release|x86.ActiveCfg = Release|Any CPU
		{829D2261-F4BD-4282-AB7D-CE7A69BCA8AF}.Release|x86.Build.0 = Release|Any CPU
		{B914849D-4A57-41A8-BCAB-B0E9DF7DAC03}.Debug|Any CPU.ActiveCfg = Debug|Any CPU
		{B914849D-4A57-41A8-BCAB-B0E9DF7DAC03}.Debug|Any CPU.Build.0 = Debug|Any CPU
		{B914849D-4A57-41A8-BCAB-B0E9DF7DAC03}.Debug|ARM.ActiveCfg = Debug|Any CPU
		{B914849D-4A57-41A8-BCAB-B0E9DF7DAC03}.Debug|ARM.Build.0 = Debug|Any CPU
		{B914849D-4A57-41A8-BCAB-B0E9DF7DAC03}.Debug|iPhone.ActiveCfg = Debug|Any CPU
		{B914849D-4A57-41A8-BCAB-B0E9DF7DAC03}.Debug|iPhone.Build.0 = Debug|Any CPU
		{B914849D-4A57-41A8-BCAB-B0E9DF7DAC03}.Debug|iPhoneSimulator.ActiveCfg = Debug|Any CPU
		{B914849D-4A57-41A8-BCAB-B0E9DF7DAC03}.Debug|iPhoneSimulator.Build.0 = Debug|Any CPU
		{B914849D-4A57-41A8-BCAB-B0E9DF7DAC03}.Debug|x64.ActiveCfg = Debug|Any CPU
		{B914849D-4A57-41A8-BCAB-B0E9DF7DAC03}.Debug|x64.Build.0 = Debug|Any CPU
		{B914849D-4A57-41A8-BCAB-B0E9DF7DAC03}.Debug|x86.ActiveCfg = Debug|Any CPU
		{B914849D-4A57-41A8-BCAB-B0E9DF7DAC03}.Debug|x86.Build.0 = Debug|Any CPU
		{B914849D-4A57-41A8-BCAB-B0E9DF7DAC03}.Release|Any CPU.ActiveCfg = Release|Any CPU
		{B914849D-4A57-41A8-BCAB-B0E9DF7DAC03}.Release|Any CPU.Build.0 = Release|Any CPU
		{B914849D-4A57-41A8-BCAB-B0E9DF7DAC03}.Release|ARM.ActiveCfg = Release|Any CPU
		{B914849D-4A57-41A8-BCAB-B0E9DF7DAC03}.Release|ARM.Build.0 = Release|Any CPU
		{B914849D-4A57-41A8-BCAB-B0E9DF7DAC03}.Release|iPhone.ActiveCfg = Release|Any CPU
		{B914849D-4A57-41A8-BCAB-B0E9DF7DAC03}.Release|iPhone.Build.0 = Release|Any CPU
		{B914849D-4A57-41A8-BCAB-B0E9DF7DAC03}.Release|iPhoneSimulator.ActiveCfg = Release|Any CPU
		{B914849D-4A57-41A8-BCAB-B0E9DF7DAC03}.Release|iPhoneSimulator.Build.0 = Release|Any CPU
		{B914849D-4A57-41A8-BCAB-B0E9DF7DAC03}.Release|x64.ActiveCfg = Release|Any CPU
		{B914849D-4A57-41A8-BCAB-B0E9DF7DAC03}.Release|x64.Build.0 = Release|Any CPU
		{B914849D-4A57-41A8-BCAB-B0E9DF7DAC03}.Release|x86.ActiveCfg = Release|Any CPU
		{B914849D-4A57-41A8-BCAB-B0E9DF7DAC03}.Release|x86.Build.0 = Release|Any CPU
		{645CD698-3E56-4954-848B-E4D4CDA368DE}.Debug|Any CPU.ActiveCfg = Debug|Any CPU
		{645CD698-3E56-4954-848B-E4D4CDA368DE}.Debug|Any CPU.Build.0 = Debug|Any CPU
		{645CD698-3E56-4954-848B-E4D4CDA368DE}.Debug|ARM.ActiveCfg = Debug|Any CPU
		{645CD698-3E56-4954-848B-E4D4CDA368DE}.Debug|ARM.Build.0 = Debug|Any CPU
		{645CD698-3E56-4954-848B-E4D4CDA368DE}.Debug|iPhone.ActiveCfg = Debug|Any CPU
		{645CD698-3E56-4954-848B-E4D4CDA368DE}.Debug|iPhone.Build.0 = Debug|Any CPU
		{645CD698-3E56-4954-848B-E4D4CDA368DE}.Debug|iPhoneSimulator.ActiveCfg = Debug|Any CPU
		{645CD698-3E56-4954-848B-E4D4CDA368DE}.Debug|iPhoneSimulator.Build.0 = Debug|Any CPU
		{645CD698-3E56-4954-848B-E4D4CDA368DE}.Debug|x64.ActiveCfg = Debug|Any CPU
		{645CD698-3E56-4954-848B-E4D4CDA368DE}.Debug|x64.Build.0 = Debug|Any CPU
		{645CD698-3E56-4954-848B-E4D4CDA368DE}.Debug|x86.ActiveCfg = Debug|Any CPU
		{645CD698-3E56-4954-848B-E4D4CDA368DE}.Debug|x86.Build.0 = Debug|Any CPU
		{645CD698-3E56-4954-848B-E4D4CDA368DE}.Release|Any CPU.ActiveCfg = Release|Any CPU
		{645CD698-3E56-4954-848B-E4D4CDA368DE}.Release|Any CPU.Build.0 = Release|Any CPU
		{645CD698-3E56-4954-848B-E4D4CDA368DE}.Release|ARM.ActiveCfg = Release|Any CPU
		{645CD698-3E56-4954-848B-E4D4CDA368DE}.Release|ARM.Build.0 = Release|Any CPU
		{645CD698-3E56-4954-848B-E4D4CDA368DE}.Release|iPhone.ActiveCfg = Release|Any CPU
		{645CD698-3E56-4954-848B-E4D4CDA368DE}.Release|iPhone.Build.0 = Release|Any CPU
		{645CD698-3E56-4954-848B-E4D4CDA368DE}.Release|iPhoneSimulator.ActiveCfg = Release|Any CPU
		{645CD698-3E56-4954-848B-E4D4CDA368DE}.Release|iPhoneSimulator.Build.0 = Release|Any CPU
		{645CD698-3E56-4954-848B-E4D4CDA368DE}.Release|x64.ActiveCfg = Release|Any CPU
		{645CD698-3E56-4954-848B-E4D4CDA368DE}.Release|x64.Build.0 = Release|Any CPU
		{645CD698-3E56-4954-848B-E4D4CDA368DE}.Release|x86.ActiveCfg = Release|Any CPU
		{645CD698-3E56-4954-848B-E4D4CDA368DE}.Release|x86.Build.0 = Release|Any CPU
		{B1758CBA-24C2-4F76-8F9E-CE757832C601}.Debug|Any CPU.ActiveCfg = Debug|Any CPU
		{B1758CBA-24C2-4F76-8F9E-CE757832C601}.Debug|Any CPU.Build.0 = Debug|Any CPU
		{B1758CBA-24C2-4F76-8F9E-CE757832C601}.Debug|ARM.ActiveCfg = Debug|Any CPU
		{B1758CBA-24C2-4F76-8F9E-CE757832C601}.Debug|ARM.Build.0 = Debug|Any CPU
		{B1758CBA-24C2-4F76-8F9E-CE757832C601}.Debug|iPhone.ActiveCfg = Debug|Any CPU
		{B1758CBA-24C2-4F76-8F9E-CE757832C601}.Debug|iPhone.Build.0 = Debug|Any CPU
		{B1758CBA-24C2-4F76-8F9E-CE757832C601}.Debug|iPhoneSimulator.ActiveCfg = Debug|Any CPU
		{B1758CBA-24C2-4F76-8F9E-CE757832C601}.Debug|iPhoneSimulator.Build.0 = Debug|Any CPU
		{B1758CBA-24C2-4F76-8F9E-CE757832C601}.Debug|x64.ActiveCfg = Debug|Any CPU
		{B1758CBA-24C2-4F76-8F9E-CE757832C601}.Debug|x64.Build.0 = Debug|Any CPU
		{B1758CBA-24C2-4F76-8F9E-CE757832C601}.Debug|x86.ActiveCfg = Debug|Any CPU
		{B1758CBA-24C2-4F76-8F9E-CE757832C601}.Debug|x86.Build.0 = Debug|Any CPU
		{B1758CBA-24C2-4F76-8F9E-CE757832C601}.Release|Any CPU.ActiveCfg = Release|Any CPU
		{B1758CBA-24C2-4F76-8F9E-CE757832C601}.Release|Any CPU.Build.0 = Release|Any CPU
		{B1758CBA-24C2-4F76-8F9E-CE757832C601}.Release|ARM.ActiveCfg = Release|Any CPU
		{B1758CBA-24C2-4F76-8F9E-CE757832C601}.Release|ARM.Build.0 = Release|Any CPU
		{B1758CBA-24C2-4F76-8F9E-CE757832C601}.Release|iPhone.ActiveCfg = Release|Any CPU
		{B1758CBA-24C2-4F76-8F9E-CE757832C601}.Release|iPhone.Build.0 = Release|Any CPU
		{B1758CBA-24C2-4F76-8F9E-CE757832C601}.Release|iPhoneSimulator.ActiveCfg = Release|Any CPU
		{B1758CBA-24C2-4F76-8F9E-CE757832C601}.Release|iPhoneSimulator.Build.0 = Release|Any CPU
		{B1758CBA-24C2-4F76-8F9E-CE757832C601}.Release|x64.ActiveCfg = Release|Any CPU
		{B1758CBA-24C2-4F76-8F9E-CE757832C601}.Release|x64.Build.0 = Release|Any CPU
		{B1758CBA-24C2-4F76-8F9E-CE757832C601}.Release|x86.ActiveCfg = Release|Any CPU
		{B1758CBA-24C2-4F76-8F9E-CE757832C601}.Release|x86.Build.0 = Release|Any CPU
		{63B4B917-2210-4802-B17A-1EA957FFDEA7}.Debug|Any CPU.ActiveCfg = Debug|Any CPU
		{63B4B917-2210-4802-B17A-1EA957FFDEA7}.Debug|Any CPU.Build.0 = Debug|Any CPU
		{63B4B917-2210-4802-B17A-1EA957FFDEA7}.Debug|ARM.ActiveCfg = Debug|Any CPU
		{63B4B917-2210-4802-B17A-1EA957FFDEA7}.Debug|ARM.Build.0 = Debug|Any CPU
		{63B4B917-2210-4802-B17A-1EA957FFDEA7}.Debug|iPhone.ActiveCfg = Debug|Any CPU
		{63B4B917-2210-4802-B17A-1EA957FFDEA7}.Debug|iPhone.Build.0 = Debug|Any CPU
		{63B4B917-2210-4802-B17A-1EA957FFDEA7}.Debug|iPhoneSimulator.ActiveCfg = Debug|Any CPU
		{63B4B917-2210-4802-B17A-1EA957FFDEA7}.Debug|iPhoneSimulator.Build.0 = Debug|Any CPU
		{63B4B917-2210-4802-B17A-1EA957FFDEA7}.Debug|x64.ActiveCfg = Debug|Any CPU
		{63B4B917-2210-4802-B17A-1EA957FFDEA7}.Debug|x64.Build.0 = Debug|Any CPU
		{63B4B917-2210-4802-B17A-1EA957FFDEA7}.Debug|x86.ActiveCfg = Debug|Any CPU
		{63B4B917-2210-4802-B17A-1EA957FFDEA7}.Debug|x86.Build.0 = Debug|Any CPU
		{63B4B917-2210-4802-B17A-1EA957FFDEA7}.Release|Any CPU.ActiveCfg = Release|Any CPU
		{63B4B917-2210-4802-B17A-1EA957FFDEA7}.Release|Any CPU.Build.0 = Release|Any CPU
		{63B4B917-2210-4802-B17A-1EA957FFDEA7}.Release|ARM.ActiveCfg = Release|Any CPU
		{63B4B917-2210-4802-B17A-1EA957FFDEA7}.Release|ARM.Build.0 = Release|Any CPU
		{63B4B917-2210-4802-B17A-1EA957FFDEA7}.Release|iPhone.ActiveCfg = Release|Any CPU
		{63B4B917-2210-4802-B17A-1EA957FFDEA7}.Release|iPhone.Build.0 = Release|Any CPU
		{63B4B917-2210-4802-B17A-1EA957FFDEA7}.Release|iPhoneSimulator.ActiveCfg = Release|Any CPU
		{63B4B917-2210-4802-B17A-1EA957FFDEA7}.Release|iPhoneSimulator.Build.0 = Release|Any CPU
		{63B4B917-2210-4802-B17A-1EA957FFDEA7}.Release|x64.ActiveCfg = Release|Any CPU
		{63B4B917-2210-4802-B17A-1EA957FFDEA7}.Release|x64.Build.0 = Release|Any CPU
		{63B4B917-2210-4802-B17A-1EA957FFDEA7}.Release|x86.ActiveCfg = Release|Any CPU
		{63B4B917-2210-4802-B17A-1EA957FFDEA7}.Release|x86.Build.0 = Release|Any CPU
		{33F693D9-6D38-42B5-B4B7-723F13FE00E8}.Debug|Any CPU.ActiveCfg = Debug|Any CPU
		{33F693D9-6D38-42B5-B4B7-723F13FE00E8}.Debug|Any CPU.Build.0 = Debug|Any CPU
		{33F693D9-6D38-42B5-B4B7-723F13FE00E8}.Debug|ARM.ActiveCfg = Debug|Any CPU
		{33F693D9-6D38-42B5-B4B7-723F13FE00E8}.Debug|ARM.Build.0 = Debug|Any CPU
		{33F693D9-6D38-42B5-B4B7-723F13FE00E8}.Debug|iPhone.ActiveCfg = Debug|Any CPU
		{33F693D9-6D38-42B5-B4B7-723F13FE00E8}.Debug|iPhone.Build.0 = Debug|Any CPU
		{33F693D9-6D38-42B5-B4B7-723F13FE00E8}.Debug|iPhoneSimulator.ActiveCfg = Debug|Any CPU
		{33F693D9-6D38-42B5-B4B7-723F13FE00E8}.Debug|iPhoneSimulator.Build.0 = Debug|Any CPU
		{33F693D9-6D38-42B5-B4B7-723F13FE00E8}.Debug|x64.ActiveCfg = Debug|Any CPU
		{33F693D9-6D38-42B5-B4B7-723F13FE00E8}.Debug|x64.Build.0 = Debug|Any CPU
		{33F693D9-6D38-42B5-B4B7-723F13FE00E8}.Debug|x86.ActiveCfg = Debug|Any CPU
		{33F693D9-6D38-42B5-B4B7-723F13FE00E8}.Debug|x86.Build.0 = Debug|Any CPU
		{33F693D9-6D38-42B5-B4B7-723F13FE00E8}.Release|Any CPU.ActiveCfg = Release|Any CPU
		{33F693D9-6D38-42B5-B4B7-723F13FE00E8}.Release|Any CPU.Build.0 = Release|Any CPU
		{33F693D9-6D38-42B5-B4B7-723F13FE00E8}.Release|ARM.ActiveCfg = Release|Any CPU
		{33F693D9-6D38-42B5-B4B7-723F13FE00E8}.Release|ARM.Build.0 = Release|Any CPU
		{33F693D9-6D38-42B5-B4B7-723F13FE00E8}.Release|iPhone.ActiveCfg = Release|Any CPU
		{33F693D9-6D38-42B5-B4B7-723F13FE00E8}.Release|iPhone.Build.0 = Release|Any CPU
		{33F693D9-6D38-42B5-B4B7-723F13FE00E8}.Release|iPhoneSimulator.ActiveCfg = Release|Any CPU
		{33F693D9-6D38-42B5-B4B7-723F13FE00E8}.Release|iPhoneSimulator.Build.0 = Release|Any CPU
		{33F693D9-6D38-42B5-B4B7-723F13FE00E8}.Release|x64.ActiveCfg = Release|Any CPU
		{33F693D9-6D38-42B5-B4B7-723F13FE00E8}.Release|x64.Build.0 = Release|Any CPU
		{33F693D9-6D38-42B5-B4B7-723F13FE00E8}.Release|x86.ActiveCfg = Release|Any CPU
		{33F693D9-6D38-42B5-B4B7-723F13FE00E8}.Release|x86.Build.0 = Release|Any CPU
		{361E818C-5DC0-41CE-9B09-674346F3F25D}.Debug|Any CPU.ActiveCfg = Debug|Any CPU
		{361E818C-5DC0-41CE-9B09-674346F3F25D}.Debug|Any CPU.Build.0 = Debug|Any CPU
		{361E818C-5DC0-41CE-9B09-674346F3F25D}.Debug|ARM.ActiveCfg = Debug|Any CPU
		{361E818C-5DC0-41CE-9B09-674346F3F25D}.Debug|ARM.Build.0 = Debug|Any CPU
		{361E818C-5DC0-41CE-9B09-674346F3F25D}.Debug|iPhone.ActiveCfg = Debug|Any CPU
		{361E818C-5DC0-41CE-9B09-674346F3F25D}.Debug|iPhone.Build.0 = Debug|Any CPU
		{361E818C-5DC0-41CE-9B09-674346F3F25D}.Debug|iPhoneSimulator.ActiveCfg = Debug|Any CPU
		{361E818C-5DC0-41CE-9B09-674346F3F25D}.Debug|iPhoneSimulator.Build.0 = Debug|Any CPU
		{361E818C-5DC0-41CE-9B09-674346F3F25D}.Debug|x64.ActiveCfg = Debug|Any CPU
		{361E818C-5DC0-41CE-9B09-674346F3F25D}.Debug|x64.Build.0 = Debug|Any CPU
		{361E818C-5DC0-41CE-9B09-674346F3F25D}.Debug|x86.ActiveCfg = Debug|Any CPU
		{361E818C-5DC0-41CE-9B09-674346F3F25D}.Debug|x86.Build.0 = Debug|Any CPU
		{361E818C-5DC0-41CE-9B09-674346F3F25D}.Release|Any CPU.ActiveCfg = Release|Any CPU
		{361E818C-5DC0-41CE-9B09-674346F3F25D}.Release|Any CPU.Build.0 = Release|Any CPU
		{361E818C-5DC0-41CE-9B09-674346F3F25D}.Release|ARM.ActiveCfg = Release|Any CPU
		{361E818C-5DC0-41CE-9B09-674346F3F25D}.Release|ARM.Build.0 = Release|Any CPU
		{361E818C-5DC0-41CE-9B09-674346F3F25D}.Release|iPhone.ActiveCfg = Release|Any CPU
		{361E818C-5DC0-41CE-9B09-674346F3F25D}.Release|iPhone.Build.0 = Release|Any CPU
		{361E818C-5DC0-41CE-9B09-674346F3F25D}.Release|iPhoneSimulator.ActiveCfg = Release|Any CPU
		{361E818C-5DC0-41CE-9B09-674346F3F25D}.Release|iPhoneSimulator.Build.0 = Release|Any CPU
		{361E818C-5DC0-41CE-9B09-674346F3F25D}.Release|x64.ActiveCfg = Release|Any CPU
		{361E818C-5DC0-41CE-9B09-674346F3F25D}.Release|x64.Build.0 = Release|Any CPU
		{361E818C-5DC0-41CE-9B09-674346F3F25D}.Release|x86.ActiveCfg = Release|Any CPU
		{361E818C-5DC0-41CE-9B09-674346F3F25D}.Release|x86.Build.0 = Release|Any CPU
		{39E9BA30-0A82-4DE9-9E3A-3FE2B09E6A21}.Debug|Any CPU.ActiveCfg = Debug|Any CPU
		{39E9BA30-0A82-4DE9-9E3A-3FE2B09E6A21}.Debug|Any CPU.Build.0 = Debug|Any CPU
		{39E9BA30-0A82-4DE9-9E3A-3FE2B09E6A21}.Debug|ARM.ActiveCfg = Debug|Any CPU
		{39E9BA30-0A82-4DE9-9E3A-3FE2B09E6A21}.Debug|ARM.Build.0 = Debug|Any CPU
		{39E9BA30-0A82-4DE9-9E3A-3FE2B09E6A21}.Debug|iPhone.ActiveCfg = Debug|Any CPU
		{39E9BA30-0A82-4DE9-9E3A-3FE2B09E6A21}.Debug|iPhone.Build.0 = Debug|Any CPU
		{39E9BA30-0A82-4DE9-9E3A-3FE2B09E6A21}.Debug|iPhoneSimulator.ActiveCfg = Debug|Any CPU
		{39E9BA30-0A82-4DE9-9E3A-3FE2B09E6A21}.Debug|iPhoneSimulator.Build.0 = Debug|Any CPU
		{39E9BA30-0A82-4DE9-9E3A-3FE2B09E6A21}.Debug|x64.ActiveCfg = Debug|Any CPU
		{39E9BA30-0A82-4DE9-9E3A-3FE2B09E6A21}.Debug|x64.Build.0 = Debug|Any CPU
		{39E9BA30-0A82-4DE9-9E3A-3FE2B09E6A21}.Debug|x86.ActiveCfg = Debug|Any CPU
		{39E9BA30-0A82-4DE9-9E3A-3FE2B09E6A21}.Debug|x86.Build.0 = Debug|Any CPU
		{39E9BA30-0A82-4DE9-9E3A-3FE2B09E6A21}.Release|Any CPU.ActiveCfg = Release|Any CPU
		{39E9BA30-0A82-4DE9-9E3A-3FE2B09E6A21}.Release|Any CPU.Build.0 = Release|Any CPU
		{39E9BA30-0A82-4DE9-9E3A-3FE2B09E6A21}.Release|ARM.ActiveCfg = Release|Any CPU
		{39E9BA30-0A82-4DE9-9E3A-3FE2B09E6A21}.Release|ARM.Build.0 = Release|Any CPU
		{39E9BA30-0A82-4DE9-9E3A-3FE2B09E6A21}.Release|iPhone.ActiveCfg = Release|Any CPU
		{39E9BA30-0A82-4DE9-9E3A-3FE2B09E6A21}.Release|iPhone.Build.0 = Release|Any CPU
		{39E9BA30-0A82-4DE9-9E3A-3FE2B09E6A21}.Release|iPhoneSimulator.ActiveCfg = Release|Any CPU
		{39E9BA30-0A82-4DE9-9E3A-3FE2B09E6A21}.Release|iPhoneSimulator.Build.0 = Release|Any CPU
		{39E9BA30-0A82-4DE9-9E3A-3FE2B09E6A21}.Release|x64.ActiveCfg = Release|Any CPU
		{39E9BA30-0A82-4DE9-9E3A-3FE2B09E6A21}.Release|x64.Build.0 = Release|Any CPU
		{39E9BA30-0A82-4DE9-9E3A-3FE2B09E6A21}.Release|x86.ActiveCfg = Release|Any CPU
		{39E9BA30-0A82-4DE9-9E3A-3FE2B09E6A21}.Release|x86.Build.0 = Release|Any CPU
		{FBC41D1A-5161-4814-830A-98B40F0DEFF2}.Debug|Any CPU.ActiveCfg = Debug|Any CPU
		{FBC41D1A-5161-4814-830A-98B40F0DEFF2}.Debug|Any CPU.Build.0 = Debug|Any CPU
		{FBC41D1A-5161-4814-830A-98B40F0DEFF2}.Debug|ARM.ActiveCfg = Debug|Any CPU
		{FBC41D1A-5161-4814-830A-98B40F0DEFF2}.Debug|ARM.Build.0 = Debug|Any CPU
		{FBC41D1A-5161-4814-830A-98B40F0DEFF2}.Debug|iPhone.ActiveCfg = Debug|Any CPU
		{FBC41D1A-5161-4814-830A-98B40F0DEFF2}.Debug|iPhone.Build.0 = Debug|Any CPU
		{FBC41D1A-5161-4814-830A-98B40F0DEFF2}.Debug|iPhoneSimulator.ActiveCfg = Debug|Any CPU
		{FBC41D1A-5161-4814-830A-98B40F0DEFF2}.Debug|iPhoneSimulator.Build.0 = Debug|Any CPU
		{FBC41D1A-5161-4814-830A-98B40F0DEFF2}.Debug|x64.ActiveCfg = Debug|Any CPU
		{FBC41D1A-5161-4814-830A-98B40F0DEFF2}.Debug|x64.Build.0 = Debug|Any CPU
		{FBC41D1A-5161-4814-830A-98B40F0DEFF2}.Debug|x86.ActiveCfg = Debug|Any CPU
		{FBC41D1A-5161-4814-830A-98B40F0DEFF2}.Debug|x86.Build.0 = Debug|Any CPU
		{FBC41D1A-5161-4814-830A-98B40F0DEFF2}.Release|Any CPU.ActiveCfg = Release|Any CPU
		{FBC41D1A-5161-4814-830A-98B40F0DEFF2}.Release|Any CPU.Build.0 = Release|Any CPU
		{FBC41D1A-5161-4814-830A-98B40F0DEFF2}.Release|ARM.ActiveCfg = Release|Any CPU
		{FBC41D1A-5161-4814-830A-98B40F0DEFF2}.Release|ARM.Build.0 = Release|Any CPU
		{FBC41D1A-5161-4814-830A-98B40F0DEFF2}.Release|iPhone.ActiveCfg = Release|Any CPU
		{FBC41D1A-5161-4814-830A-98B40F0DEFF2}.Release|iPhone.Build.0 = Release|Any CPU
		{FBC41D1A-5161-4814-830A-98B40F0DEFF2}.Release|iPhoneSimulator.ActiveCfg = Release|Any CPU
		{FBC41D1A-5161-4814-830A-98B40F0DEFF2}.Release|iPhoneSimulator.Build.0 = Release|Any CPU
		{FBC41D1A-5161-4814-830A-98B40F0DEFF2}.Release|x64.ActiveCfg = Release|Any CPU
		{FBC41D1A-5161-4814-830A-98B40F0DEFF2}.Release|x64.Build.0 = Release|Any CPU
		{FBC41D1A-5161-4814-830A-98B40F0DEFF2}.Release|x86.ActiveCfg = Release|Any CPU
		{FBC41D1A-5161-4814-830A-98B40F0DEFF2}.Release|x86.Build.0 = Release|Any CPU
		{A044E4E3-B936-4124-B5D6-B06E2386D83F}.Debug|Any CPU.ActiveCfg = Debug|Any CPU
		{A044E4E3-B936-4124-B5D6-B06E2386D83F}.Debug|Any CPU.Build.0 = Debug|Any CPU
		{A044E4E3-B936-4124-B5D6-B06E2386D83F}.Debug|ARM.ActiveCfg = Debug|Any CPU
		{A044E4E3-B936-4124-B5D6-B06E2386D83F}.Debug|ARM.Build.0 = Debug|Any CPU
		{A044E4E3-B936-4124-B5D6-B06E2386D83F}.Debug|iPhone.ActiveCfg = Debug|Any CPU
		{A044E4E3-B936-4124-B5D6-B06E2386D83F}.Debug|iPhone.Build.0 = Debug|Any CPU
		{A044E4E3-B936-4124-B5D6-B06E2386D83F}.Debug|iPhoneSimulator.ActiveCfg = Debug|Any CPU
		{A044E4E3-B936-4124-B5D6-B06E2386D83F}.Debug|iPhoneSimulator.Build.0 = Debug|Any CPU
		{A044E4E3-B936-4124-B5D6-B06E2386D83F}.Debug|x64.ActiveCfg = Debug|Any CPU
		{A044E4E3-B936-4124-B5D6-B06E2386D83F}.Debug|x64.Build.0 = Debug|Any CPU
		{A044E4E3-B936-4124-B5D6-B06E2386D83F}.Debug|x86.ActiveCfg = Debug|Any CPU
		{A044E4E3-B936-4124-B5D6-B06E2386D83F}.Debug|x86.Build.0 = Debug|Any CPU
		{A044E4E3-B936-4124-B5D6-B06E2386D83F}.Release|Any CPU.ActiveCfg = Release|Any CPU
		{A044E4E3-B936-4124-B5D6-B06E2386D83F}.Release|Any CPU.Build.0 = Release|Any CPU
		{A044E4E3-B936-4124-B5D6-B06E2386D83F}.Release|ARM.ActiveCfg = Release|Any CPU
		{A044E4E3-B936-4124-B5D6-B06E2386D83F}.Release|ARM.Build.0 = Release|Any CPU
		{A044E4E3-B936-4124-B5D6-B06E2386D83F}.Release|iPhone.ActiveCfg = Release|Any CPU
		{A044E4E3-B936-4124-B5D6-B06E2386D83F}.Release|iPhone.Build.0 = Release|Any CPU
		{A044E4E3-B936-4124-B5D6-B06E2386D83F}.Release|iPhoneSimulator.ActiveCfg = Release|Any CPU
		{A044E4E3-B936-4124-B5D6-B06E2386D83F}.Release|iPhoneSimulator.Build.0 = Release|Any CPU
		{A044E4E3-B936-4124-B5D6-B06E2386D83F}.Release|x64.ActiveCfg = Release|Any CPU
		{A044E4E3-B936-4124-B5D6-B06E2386D83F}.Release|x64.Build.0 = Release|Any CPU
		{A044E4E3-B936-4124-B5D6-B06E2386D83F}.Release|x86.ActiveCfg = Release|Any CPU
		{A044E4E3-B936-4124-B5D6-B06E2386D83F}.Release|x86.Build.0 = Release|Any CPU
	EndGlobalSection
	GlobalSection(SolutionProperties) = preSolution
		HideSolutionNode = FALSE
	EndGlobalSection
	GlobalSection(NestedProjects) = preSolution
		{829D2261-F4BD-4282-AB7D-CE7A69BCA8AF} = {4B5568A9-338C-41AB-830A-454E5CAC565A}
		{B914849D-4A57-41A8-BCAB-B0E9DF7DAC03} = {591F314A-4F7E-4035-AD3B-792344779AE6}
		{645CD698-3E56-4954-848B-E4D4CDA368DE} = {889DBBDB-34B2-4B86-8654-3C2B0CFD1E67}
		{B1758CBA-24C2-4F76-8F9E-CE757832C601} = {4B5568A9-338C-41AB-830A-454E5CAC565A}
		{63B4B917-2210-4802-B17A-1EA957FFDEA7} = {4B5568A9-338C-41AB-830A-454E5CAC565A}
		{33F693D9-6D38-42B5-B4B7-723F13FE00E8} = {889DBBDB-34B2-4B86-8654-3C2B0CFD1E67}
		{361E818C-5DC0-41CE-9B09-674346F3F25D} = {591F314A-4F7E-4035-AD3B-792344779AE6}
		{344214AE-A320-41FB-8DCE-26512BB59B92} = {3D47ABF1-89D6-4C6E-BF4A-F82861D1AE58}
		{889DBBDB-34B2-4B86-8654-3C2B0CFD1E67} = {344214AE-A320-41FB-8DCE-26512BB59B92}
		{64E57407-C824-4A34-A755-6A14780A3491} = {3D47ABF1-89D6-4C6E-BF4A-F82861D1AE58}
		{4B5568A9-338C-41AB-830A-454E5CAC565A} = {3D47ABF1-89D6-4C6E-BF4A-F82861D1AE58}
		{39E9BA30-0A82-4DE9-9E3A-3FE2B09E6A21} = {64E57407-C824-4A34-A755-6A14780A3491}
		{FBC41D1A-5161-4814-830A-98B40F0DEFF2} = {64E57407-C824-4A34-A755-6A14780A3491}
		{A044E4E3-B936-4124-B5D6-B06E2386D83F} = {64E57407-C824-4A34-A755-6A14780A3491}
	EndGlobalSection
	GlobalSection(ExtensibilityGlobals) = postSolution
		SolutionGuid = {41E311C1-F4E1-444C-AFB2-13F83D06D33A}
	EndGlobalSection
EndGlobal
