
Microsoft Visual Studio Solution File, Format Version 12.00
# Visual Studio Version 16
VisualStudioVersion = 16.0.30709.64
MinimumVisualStudioVersion = 10.0.40219.1
Project("{FAE04EC0-301F-11D3-BF4B-00C04F79EFBC}") = "LCARS.Database", "LCARS.Database\LCARS.Database.csproj", "{7BF85E37-2B08-4B1F-8889-3A2AFF1EFB33}"
EndProject
Project("{FAE04EC0-301F-11D3-BF4B-00C04F79EFBC}") = "LCARS.Subroutine.LogRecorder", "LCARS.Subroutine.LogRecorder.NETCORE5\LCARS.Subroutine.LogRecorder.csproj", "{6AE0FB2A-7A6A-456C-A9DA-5C80BA079F35}"
EndProject
Project("{FAE04EC0-301F-11D3-BF4B-00C04F79EFBC}") = "LCARS.Database.Models", "LCARS.Database.Models\LCARS.Database.Models.csproj", "{2E1A62CB-C1AC-4CBB-BBD6-406B5BC0E161}"
EndProject
Global
	GlobalSection(SolutionConfigurationPlatforms) = preSolution
		Debug|Any CPU = Debug|Any CPU
		Release|Any CPU = Release|Any CPU
	EndGlobalSection
	GlobalSection(ProjectConfigurationPlatforms) = postSolution
		{7BF85E37-2B08-4B1F-8889-3A2AFF1EFB33}.Debug|Any CPU.ActiveCfg = Debug|Any CPU
		{7BF85E37-2B08-4B1F-8889-3A2AFF1EFB33}.Debug|Any CPU.Build.0 = Debug|Any CPU
		{7BF85E37-2B08-4B1F-8889-3A2AFF1EFB33}.Release|Any CPU.ActiveCfg = Release|Any CPU
		{7BF85E37-2B08-4B1F-8889-3A2AFF1EFB33}.Release|Any CPU.Build.0 = Release|Any CPU
		{6AE0FB2A-7A6A-456C-A9DA-5C80BA079F35}.Debug|Any CPU.ActiveCfg = Debug|Any CPU
		{6AE0FB2A-7A6A-456C-A9DA-5C80BA079F35}.Debug|Any CPU.Build.0 = Debug|Any CPU
		{6AE0FB2A-7A6A-456C-A9DA-5C80BA079F35}.Release|Any CPU.ActiveCfg = Release|Any CPU
		{6AE0FB2A-7A6A-456C-A9DA-5C80BA079F35}.Release|Any CPU.Build.0 = Release|Any CPU
		{2E1A62CB-C1AC-4CBB-BBD6-406B5BC0E161}.Debug|Any CPU.ActiveCfg = Debug|Any CPU
		{2E1A62CB-C1AC-4CBB-BBD6-406B5BC0E161}.Debug|Any CPU.Build.0 = Debug|Any CPU
		{2E1A62CB-C1AC-4CBB-BBD6-406B5BC0E161}.Release|Any CPU.ActiveCfg = Release|Any CPU
		{2E1A62CB-C1AC-4CBB-BBD6-406B5BC0E161}.Release|Any CPU.Build.0 = Release|Any CPU
	EndGlobalSection
	GlobalSection(SolutionProperties) = preSolution
		HideSolutionNode = FALSE
	EndGlobalSection
	GlobalSection(ExtensibilityGlobals) = postSolution
		SolutionGuid = {93094FE9-4496-4FC9-B78A-85D7E65E19B4}
	EndGlobalSection
EndGlobal
